{
  "version": "5",
  "specifiers": {
    "npm:@pothos/core@*": "4.5.0_graphql@16.10.0",
    "npm:graphql-yoga@*": "5.12.0_graphql@16.10.0"
  },
  "npm": {
    "@envelop/core@5.1.0": {
      "integrity": "sha512-tH5bntVdGaV9ZKFI0a2U4bn6HgtkBscCPdvLqZRlXR2XRWKe+AAUjkYo4vQ4iZTAzBaKJlRe/hVWuad/vcftPw==",
      "dependencies": [
        "@envelop/types",
        "tslib"
      ]
    },
    "@envelop/types@5.1.0": {
      "integrity": "sha512-E6axHyHK8RALJ7+GRVQ3wQ44rP9enVaRc5JiYHIkyfKWKPeHGmTz6Pe/kbtHC5fjuD2QwYCVcCfCoUlw3Xf4xw==",
      "dependencies": [
        "tslib"
      ]
    },
    "@graphql-tools/executor@1.4.0_graphql@16.10.0": {
      "integrity": "sha512-sQN54cCDV9s0ur993/VtQF0hslOubSTMJlN0WaouiJCEgMqE5aXN27kmZvF0oXj0GxbWMC+bPNWEZH1TJVsLxw==",
      "dependencies": [
        "@graphql-tools/utils",
        "@graphql-typed-document-node/core",
        "@repeaterjs/repeater",
        "@whatwg-node/disposablestack",
        "graphql",
        "tslib",
        "value-or-promise"
      ]
    },
    "@graphql-tools/merge@9.0.19_graphql@16.10.0": {
      "integrity": "sha512-iJP3Xke+vgnST58A1Q/1+y3bzfbYalIMnegUNupYHNvHHSE0PXoq8YieqQF8JYzWVACMxiq/M4Y1vW75mS2UVg==",
      "dependencies": [
        "@graphql-tools/utils",
        "graphql",
        "tslib"
      ]
    },
    "@graphql-tools/schema@10.0.18_graphql@16.10.0": {
      "integrity": "sha512-6j2O/07v1zbGvASizMSO7YZdGt/9HfPDx8s9n75sD2xoGfeJ2aRSmI4LkyuvqOpi0ecaa9xErnMEEvUaKBqMbw==",
      "dependencies": [
        "@graphql-tools/merge",
        "@graphql-tools/utils",
        "graphql",
        "tslib"
      ]
    },
    "@graphql-tools/utils@10.8.1_graphql@16.10.0": {
      "integrity": "sha512-fI5NNuqeEAHyp7NuCDjvxWR5PTUXM4AqY9BoC59ZcX4nePAJje27ZsFHbAMS6EKDosY1K/D4ADxsO0P5+FH07A==",
      "dependencies": [
        "@graphql-typed-document-node/core",
        "cross-inspect",
        "dset",
        "graphql",
        "tslib"
      ]
    },
    "@graphql-typed-document-node/core@3.2.0_graphql@16.10.0": {
      "integrity": "sha512-mB9oAsNCm9aM3/SOv4YtBMqZbYj10R7dkq8byBqxGY/ncFwhf2oQzMV+LCRlWoDSEBJ3COiR1yeDvMtsoOsuFQ==",
      "dependencies": [
        "graphql"
      ]
    },
    "@graphql-yoga/logger@2.0.1": {
      "integrity": "sha512-Nv0BoDGLMg9QBKy9cIswQ3/6aKaKjlTh87x3GiBg2Z4RrjyrM48DvOOK0pJh1C1At+b0mUIM67cwZcFTDLN4sA==",
      "dependencies": [
        "tslib"
      ]
    },
    "@graphql-yoga/subscription@5.0.3": {
      "integrity": "sha512-xLGEataxCULjL9rlTCVFL1IW2E90TnDIL+mE4lZBi9X92jc6s+Q+jk6Ax3I98kryCJh0UMiwjit7CaIIczTiJg==",
      "dependencies": [
        "@graphql-yoga/typed-event-target",
        "@repeaterjs/repeater",
        "@whatwg-node/events",
        "tslib"
      ]
    },
    "@graphql-yoga/typed-event-target@3.0.2": {
      "integrity": "sha512-ZpJxMqB+Qfe3rp6uszCQoag4nSw42icURnBRfFYSOmTgEeOe4rD0vYlbA8spvCu2TlCesNTlEN9BLWtQqLxabA==",
      "dependencies": [
        "@repeaterjs/repeater",
        "tslib"
      ]
    },
    "@pothos/core@4.5.0_graphql@16.10.0": {
      "integrity": "sha512-OBktnbaTkcS3pZMGCC2375tNSypsvVRP2SJSjN0VW9MXlJFP9+2lZTNeKyGFndTH5QLbxoLUe3nUSVdkBHMLzA==",
      "dependencies": [
        "graphql"
      ]
    },
    "@repeaterjs/repeater@3.0.6": {
      "integrity": "sha512-Javneu5lsuhwNCryN+pXH93VPQ8g0dBX7wItHFgYiwQmzE1sVdg5tWHiOgHywzL2W21XQopa7IwIEnNbmeUJYA=="
    },
    "@whatwg-node/disposablestack@0.0.5": {
      "integrity": "sha512-9lXugdknoIequO4OYvIjhygvfSEgnO8oASLqLelnDhkRjgBZhc39shC3QSlZuyDO9bgYSIVa2cHAiN+St3ty4w==",
      "dependencies": [
        "tslib"
      ]
    },
    "@whatwg-node/events@0.1.2": {
      "integrity": "sha512-ApcWxkrs1WmEMS2CaLLFUEem/49erT3sxIVjpzU5f6zmVcnijtDSrhoK2zVobOIikZJdH63jdAXOrvjf6eOUNQ==",
      "dependencies": [
        "tslib"
      ]
    },
    "@whatwg-node/fetch@0.10.3": {
      "integrity": "sha512-jCTL/qYcIW2GihbBRHypQ/Us7saWMNZ5fsumsta+qPY0Pmi1ccba/KRQvgctmQsbP69FWemJSs8zVcFaNwdL0w==",
      "dependencies": [
        "@whatwg-node/node-fetch",
        "urlpattern-polyfill"
      ]
    },
    "@whatwg-node/node-fetch@0.7.9": {
      "integrity": "sha512-rp4/lzxK5DDxFFdXcCR3gG4OyWPHqmN1GrKostx2NEy7sHUQA/B3j0M2z+qfMQVg5SC4RRm0eFwD73e+GgAM3A==",
      "dependencies": [
        "@whatwg-node/disposablestack",
        "busboy",
        "tslib"
      ]
    },
    "@whatwg-node/server@0.9.67": {
      "integrity": "sha512-s7gqiQ/B0p4WdqPtI5WuXp9K37DtuOlk/KF7mK+gy/cmXcqfdSAjSweDpwxtmb2lDmzxDgtrT4mpOUaddSNpCw==",
      "dependencies": [
        "@whatwg-node/disposablestack",
        "@whatwg-node/fetch",
        "tslib"
      ]
    },
    "busboy@1.6.0": {
      "integrity": "sha512-8SFQbg/0hQ9xy3UNTB0YEnsNBbWfhf7RtnzpL7TkBiTBRfrQ9Fxcnz7VJsleJpyp6rVLvXiuORqjlHi5q+PYuA==",
      "dependencies": [
        "streamsearch"
      ]
    },
    "cross-inspect@1.0.1": {
      "integrity": "sha512-Pcw1JTvZLSJH83iiGWt6fRcT+BjZlCDRVwYLbUcHzv/CRpB7r0MlSrGbIyQvVSNyGnbt7G4AXuyCiDR3POvZ1A==",
      "dependencies": [
        "tslib"
      ]
    },
    "dset@3.1.4": {
      "integrity": "sha512-2QF/g9/zTaPDc3BjNcVTGoBbXBgYfMTTceLaYcFJ/W9kggFUkhxD/hMEeuLKbugyef9SqAx8cpgwlIP/jinUTA=="
    },
    "graphql-yoga@5.12.0_graphql@16.10.0": {
      "integrity": "sha512-JKsGnXlrqoF2wdnE99EvETqBbvkPa6aa6T+PqMbegnTFpYrVNuhCXpzGgSEFroqR1VGHMlFrsmHYdHPZb/TbAA==",
      "dependencies": [
        "@envelop/core",
        "@graphql-tools/executor",
        "@graphql-tools/schema",
        "@graphql-tools/utils",
        "@graphql-yoga/logger",
        "@graphql-yoga/subscription",
        "@whatwg-node/fetch",
        "@whatwg-node/server",
        "dset",
        "graphql",
        "lru-cache",
        "tslib"
      ]
    },
    "graphql@16.10.0": {
      "integrity": "sha512-AjqGKbDGUFRKIRCP9tCKiIGHyriz2oHEbPIbEtcSLSs4YjReZOIPQQWek4+6hjw62H9QShXHyaGivGiYVLeYFQ=="
    },
    "lru-cache@10.4.3": {
      "integrity": "sha512-JNAzZcXrCt42VGLuYz0zfAzDfAvJWW6AfYlDBQyDV5DClI2m5sAmK+OIO7s59XfsRsWHp02jAJrRadPRGTt6SQ=="
    },
    "streamsearch@1.1.0": {
      "integrity": "sha512-Mcc5wHehp9aXz1ax6bZUyY5afg9u2rv5cqQI3mRrYkGC8rW2hM02jWuwjtL++LS5qinSyhj2QfLyNsuc+VsExg=="
    },
    "tslib@2.8.1": {
      "integrity": "sha512-oJFu94HQb+KVduSUQL7wnpmqnfmLsOA/nAh6b6EH0wCEoK0/mPeXU6c3wKDV83MkOuHPRHtSXKKU99IBazS/2w=="
    },
    "urlpattern-polyfill@10.0.0": {
      "integrity": "sha512-H/A06tKD7sS1O1X2SshBVeA5FLycRpjqiBeqGKmBwBDBy28EnRjORxTNe269KSSr5un5qyWi1iL61wLxpd+ZOg=="
    },
    "value-or-promise@1.0.12": {
      "integrity": "sha512-Z6Uz+TYwEqE7ZN50gwn+1LCVo9ZVrpxRPOhOLnncYkY1ZzOYtrX8Fwf/rFktZ8R5mJms6EZf5TqNOMeZmnPq9Q=="
    }
  },
  "workspace": {
    "dependencies": [
      "npm:@graphql-tools/schema@*",
      "npm:@pothos/core@*",
      "npm:graphql-yoga@*"
    ]
  }
}
